
Microsoft Visual Studio Solution File, Format Version 12.00
# Visual Studio 14
VisualStudioVersion = 14.0.25420.1
MinimumVisualStudioVersion = 10.0.40219.1
Project("{FAE04EC0-301F-11D3-BF4B-00C04F79EFBC}") = "prms.web", "prms.web\prms.web.csproj", "{A982E2F3-5D68-4880-ACA9-32EDE072941D}"
	ProjectSection(ProjectDependencies) = postProject
		{6103EF4F-D296-4820-BBD5-734E7B83AC31} = {6103EF4F-D296-4820-BBD5-734E7B83AC31}
		{F3DC419B-3FD6-4041-A368-F20DCBBC260A} = {F3DC419B-3FD6-4041-A368-F20DCBBC260A}
	EndProjectSection
EndProject
Project("{FAE04EC0-301F-11D3-BF4B-00C04F79EFBC}") = "pms.domain", "pms.domain\pms.domain.csproj", "{F3DC419B-3FD6-4041-A368-F20DCBBC260A}"
EndProject
Project("{FAE04EC0-301F-11D3-BF4B-00C04F79EFBC}") = "pms.repository", "pms.repository\pms.repository.csproj", "{6103EF4F-D296-4820-BBD5-734E7B83AC31}"
	ProjectSection(ProjectDependencies) = postProject
		{F3DC419B-3FD6-4041-A368-F20DCBBC260A} = {F3DC419B-3FD6-4041-A368-F20DCBBC260A}
	EndProjectSection
EndProject
Global
	GlobalSection(SolutionConfigurationPlatforms) = preSolution
		Debug|Any CPU = Debug|Any CPU
		Release|Any CPU = Release|Any CPU
	EndGlobalSection
	GlobalSection(ProjectConfigurationPlatforms) = postSolution
		{A982E2F3-5D68-4880-ACA9-32EDE072941D}.Debug|Any CPU.ActiveCfg = Debug|Any CPU
		{A982E2F3-5D68-4880-ACA9-32EDE072941D}.Debug|Any CPU.Build.0 = Debug|Any CPU
		{A982E2F3-5D68-4880-ACA9-32EDE072941D}.Release|Any CPU.ActiveCfg = Release|Any CPU
		{A982E2F3-5D68-4880-ACA9-32EDE072941D}.Release|Any CPU.Build.0 = Release|Any CPU
		{F3DC419B-3FD6-4041-A368-F20DCBBC260A}.Debug|Any CPU.ActiveCfg = Debug|Any CPU
		{F3DC419B-3FD6-4041-A368-F20DCBBC260A}.Debug|Any CPU.Build.0 = Debug|Any CPU
		{F3DC419B-3FD6-4041-A368-F20DCBBC260A}.Release|Any CPU.ActiveCfg = Release|Any CPU
		{F3DC419B-3FD6-4041-A368-F20DCBBC260A}.Release|Any CPU.Build.0 = Release|Any CPU
		{6103EF4F-D296-4820-BBD5-734E7B83AC31}.Debug|Any CPU.ActiveCfg = Debug|Any CPU
		{6103EF4F-D296-4820-BBD5-734E7B83AC31}.Debug|Any CPU.Build.0 = Debug|Any CPU
		{6103EF4F-D296-4820-BBD5-734E7B83AC31}.Release|Any CPU.ActiveCfg = Release|Any CPU
		{6103EF4F-D296-4820-BBD5-734E7B83AC31}.Release|Any CPU.Build.0 = Release|Any CPU
	EndGlobalSection
	GlobalSection(SolutionProperties) = preSolution
		HideSolutionNode = FALSE
	EndGlobalSection
EndGlobal
